// !$*UTF8*$!
{
	archiveVersion = 1;
	classes = {
	};
	objectVersion = 55;
	objects = {

/* Begin PBXBuildFile section */
		5BBD7735BDE2A3E3F7570E58 /* Pods_NaverMapTest.framework in Frameworks */ = {isa = PBXBuildFile; fileRef = 62AFDC54BD54310C4EAF22D5 /* Pods_NaverMapTest.framework */; };
		A48096BA27D0BCDF00AAC376 /* AppDelegate.swift in Sources */ = {isa = PBXBuildFile; fileRef = A48096B927D0BCDF00AAC376 /* AppDelegate.swift */; };
		A48096BC27D0BCDF00AAC376 /* SceneDelegate.swift in Sources */ = {isa = PBXBuildFile; fileRef = A48096BB27D0BCDF00AAC376 /* SceneDelegate.swift */; };
		A48096BE27D0BCDF00AAC376 /* ViewController.swift in Sources */ = {isa = PBXBuildFile; fileRef = A48096BD27D0BCDF00AAC376 /* ViewController.swift */; };
		A48096C127D0BCDF00AAC376 /* Main.storyboard in Resources */ = {isa = PBXBuildFile; fileRef = A48096BF27D0BCDF00AAC376 /* Main.storyboard */; };
		A48096C327D0BCE000AAC376 /* Assets.xcassets in Resources */ = {isa = PBXBuildFile; fileRef = A48096C227D0BCE000AAC376 /* Assets.xcassets */; };
		A48096C627D0BCE000AAC376 /* LaunchScreen.storyboard in Resources */ = {isa = PBXBuildFile; fileRef = A48096C427D0BCE000AAC376 /* LaunchScreen.storyboard */; };
/* End PBXBuildFile section */

/* Begin PBXFileReference section */
		62AFDC54BD54310C4EAF22D5 /* Pods_NaverMapTest.framework */ = {isa = PBXFileReference; explicitFileType = wrapper.framework; includeInIndex = 0; path = Pods_NaverMapTest.framework; sourceTree = BUILT_PRODUCTS_DIR; };
		8760C426B4682FBF2E0D513D /* Pods-NaverMapTest.release.xcconfig */ = {isa = PBXFileReference; includeInIndex = 1; lastKnownFileType = text.xcconfig; name = "Pods-NaverMapTest.release.xcconfig"; path = "Target Support Files/Pods-NaverMapTest/Pods-NaverMapTest.release.xcconfig"; sourceTree = "<group>"; };
		A48096B627D0BCDF00AAC376 /* NaverMapTest.app */ = {isa = PBXFileReference; explicitFileType = wrapper.application; includeInIndex = 0; path = NaverMapTest.app; sourceTree = BUILT_PRODUCTS_DIR; };
		A48096B927D0BCDF00AAC376 /* AppDelegate.swift */ = {isa = PBXFileReference; lastKnownFileType = sourcecode.swift; path = AppDelegate.swift; sourceTree = "<group>"; };
		A48096BB27D0BCDF00AAC376 /* SceneDelegate.swift */ = {isa = PBXFileReference; lastKnownFileType = sourcecode.swift; path = SceneDelegate.swift; sourceTree = "<group>"; };
		A48096BD27D0BCDF00AAC376 /* ViewController.swift */ = {isa = PBXFileReference; lastKnownFileType = sourcecode.swift; path = ViewController.swift; sourceTree = "<group>"; };
		A48096C027D0BCDF00AAC376 /* Base */ = {isa = PBXFileReference; lastKnownFileType = file.storyboard; name = Base; path = Base.lproj/Main.storyboard; sourceTree = "<group>"; };
		A48096C227D0BCE000AAC376 /* Assets.xcassets */ = {isa = PBXFileReference; lastKnownFileType = folder.assetcatalog; path = Assets.xcassets; sourceTree = "<group>"; };
		A48096C527D0BCE000AAC376 /* Base */ = {isa = PBXFileReference; lastKnownFileType = file.storyboard; name = Base; path = Base.lproj/LaunchScreen.storyboard; sourceTree = "<group>"; };
		A48096C727D0BCE000AAC376 /* Info.plist */ = {isa = PBXFileReference; lastKnownFileType = text.plist.xml; path = Info.plist; sourceTree = "<group>"; };
		AA8779A5A2CAF65B489D0586 /* Pods-NaverMapTest.debug.xcconfig */ = {isa = PBXFileReference; includeInIndex = 1; lastKnownFileType = text.xcconfig; name = "Pods-NaverMapTest.debug.xcconfig"; path = "Target Support Files/Pods-NaverMapTest/Pods-NaverMapTest.debug.xcconfig"; sourceTree = "<group>"; };
/* End PBXFileReference section */

/* Begin PBXFrameworksBuildPhase section */
		A48096B327D0BCDF00AAC376 /* Frameworks */ = {
			isa = PBXFrameworksBuildPhase;
			buildActionMask = 2147483647;
			files = (
				5BBD7735BDE2A3E3F7570E58 /* Pods_NaverMapTest.framework in Frameworks */,
			);
			runOnlyForDeploymentPostprocessing = 0;
		};
/* End PBXFrameworksBuildPhase section */

/* Begin PBXGroup section */
		5D0A8E7B415CD9A1B89325B4 /* Pods */ = {
			isa = PBXGroup;
			children = (
				AA8779A5A2CAF65B489D0586 /* Pods-NaverMapTest.debug.xcconfig */,
				8760C426B4682FBF2E0D513D /* Pods-NaverMapTest.release.xcconfig */,
			);
			name = Pods;
			path = Pods;
			sourceTree = "<group>";
		};
		A48096AD27D0BCDF00AAC376 = {
			isa = PBXGroup;
			children = (
				A48096B827D0BCDF00AAC376 /* NaverMapTest */,
				A48096B727D0BCDF00AAC376 /* Products */,
				5D0A8E7B415CD9A1B89325B4 /* Pods */,
				B0C425C516773674D07FF26E /* Frameworks */,
			);
			sourceTree = "<group>";
		};
		A48096B727D0BCDF00AAC376 /* Products */ = {
			isa = PBXGroup;
			children = (
				A48096B627D0BCDF00AAC376 /* NaverMapTest.app */,
			);
			name = Products;
			sourceTree = "<group>";
		};
		A48096B827D0BCDF00AAC376 /* NaverMapTest */ = {
			isa = PBXGroup;
			children = (
				A48096B927D0BCDF00AAC376 /* AppDelegate.swift */,
				A48096BB27D0BCDF00AAC376 /* SceneDelegate.swift */,
				A48096BD27D0BCDF00AAC376 /* ViewController.swift */,
				A48096BF27D0BCDF00AAC376 /* Main.storyboard */,
				A48096C227D0BCE000AAC376 /* Assets.xcassets */,
				A48096C427D0BCE000AAC376 /* LaunchScreen.storyboard */,
				A48096C727D0BCE000AAC376 /* Info.plist */,
			);
			path = NaverMapTest;
			sourceTree = "<group>";
		};
		B0C425C516773674D07FF26E /* Frameworks */ = {
			isa = PBXGroup;
			children = (
				62AFDC54BD54310C4EAF22D5 /* Pods_NaverMapTest.framework */,
			);
			name = Frameworks;
			sourceTree = "<group>";
		};
/* End PBXGroup section */

/* Begin PBXNativeTarget section */
		A48096B527D0BCDF00AAC376 /* NaverMapTest */ = {
			isa = PBXNativeTarget;
			buildConfigurationList = A48096CA27D0BCE000AAC376 /* Build configuration list for PBXNativeTarget "NaverMapTest" */;
			buildPhases = (
				B266B5499B1E581074CBD034 /* [CP] Check Pods Manifest.lock */,
				A48096B227D0BCDF00AAC376 /* Sources */,
				A48096B327D0BCDF00AAC376 /* Frameworks */,
				A48096B427D0BCDF00AAC376 /* Resources */,
				6712B70800E508CD363016CC /* [CP] Embed Pods Frameworks */,
			);
			buildRules = (
			);
			dependencies = (
			);
			name = NaverMapTest;
			productName = NaverMapTest;
			productReference = A48096B627D0BCDF00AAC376 /* NaverMapTest.app */;
			productType = "com.apple.product-type.application";
		};
/* End PBXNativeTarget section */

/* Begin PBXProject section */
		A48096AE27D0BCDF00AAC376 /* Project object */ = {
			isa = PBXProject;
			attributes = {
				BuildIndependentTargetsInParallel = 1;
				LastSwiftUpdateCheck = 1320;
				LastUpgradeCheck = 1320;
				TargetAttributes = {
					A48096B527D0BCDF00AAC376 = {
						CreatedOnToolsVersion = 13.2.1;
					};
				};
			};
			buildConfigurationList = A48096B127D0BCDF00AAC376 /* Build configuration list for PBXProject "NaverMapTest" */;
			compatibilityVersion = "Xcode 13.0";
			developmentRegion = en;
			hasScannedForEncodings = 0;
			knownRegions = (
				en,
				Base,
			);
			mainGroup = A48096AD27D0BCDF00AAC376;
			productRefGroup = A48096B727D0BCDF00AAC376 /* Products */;
			projectDirPath = "";
			projectRoot = "";
			targets = (
				A48096B527D0BCDF00AAC376 /* NaverMapTest */,
			);
		};
/* End PBXProject section */

/* Begin PBXResourcesBuildPhase section */
		A48096B427D0BCDF00AAC376 /* Resources */ = {
			isa = PBXResourcesBuildPhase;
			buildActionMask = 2147483647;
			files = (
				A48096C627D0BCE000AAC376 /* LaunchScreen.storyboard in Resources */,
				A48096C327D0BCE000AAC376 /* Assets.xcassets in Resources */,
				A48096C127D0BCDF00AAC376 /* Main.storyboard in Resources */,
			);
			runOnlyForDeploymentPostprocessing = 0;
		};
/* End PBXResourcesBuildPhase section */

/* Begin PBXShellScriptBuildPhase section */
		6712B70800E508CD363016CC /* [CP] Embed Pods Frameworks */ = {
			isa = PBXShellScriptBuildPhase;
			buildActionMask = 2147483647;
			files = (
			);
			inputFileListPaths = (
				"${PODS_ROOT}/Target Support Files/Pods-NaverMapTest/Pods-NaverMapTest-frameworks-${CONFIGURATION}-input-files.xcfilelist",
			);
			name = "[CP] Embed Pods Frameworks";
			outputFileListPaths = (
				"${PODS_ROOT}/Target Support Files/Pods-NaverMapTest/Pods-NaverMapTest-frameworks-${CONFIGURATION}-output-files.xcfilelist",
			);
			runOnlyForDeploymentPostprocessing = 0;
			shellPath = /bin/sh;
			shellScript = "\"${PODS_ROOT}/Target Support Files/Pods-NaverMapTest/Pods-NaverMapTest-frameworks.sh\"\n";
			showEnvVarsInLog = 0;
		};
		B266B5499B1E581074CBD034 /* [CP] Check Pods Manifest.lock */ = {
			isa = PBXShellScriptBuildPhase;
			buildActionMask = 2147483647;
			files = (
			);
			inputFileListPaths = (
			);
			inputPaths = (
				"${PODS_PODFILE_DIR_PATH}/Podfile.lock",
				"${PODS_ROOT}/Manifest.lock",
			);
			name = "[CP] Check Pods Manifest.lock";
			outputFileListPaths = (
			);
			outputPaths = (
				"$(DERIVED_FILE_DIR)/Pods-NaverMapTest-checkManifestLockResult.txt",
			);
			runOnlyForDeploymentPostprocessing = 0;
			shellPath = /bin/sh;
			shellScript = "diff \"${PODS_PODFILE_DIR_PATH}/Podfile.lock\" \"${PODS_ROOT}/Manifest.lock\" > /dev/null\nif [ $? != 0 ] ; then\n    # print error to STDERR\n    echo \"error: The sandbox is not in sync with the Podfile.lock. Run 'pod install' or update your CocoaPods installation.\" >&2\n    exit 1\nfi\n# This output is used by Xcode 'outputs' to avoid re-running this script phase.\necho \"SUCCESS\" > \"${SCRIPT_OUTPUT_FILE_0}\"\n";
			showEnvVarsInLog = 0;
		};
/* End PBXShellScriptBuildPhase section */

/* Begin PBXSourcesBuildPhase section */
		A48096B227D0BCDF00AAC376 /* Sources */ = {
			isa = PBXSourcesBuildPhase;
			buildActionMask = 2147483647;
			files = (
				A48096BE27D0BCDF00AAC376 /* ViewController.swift in Sources */,
				A48096BA27D0BCDF00AAC376 /* AppDelegate.swift in Sources */,
				A48096BC27D0BCDF00AAC376 /* SceneDelegate.swift in Sources */,
			);
			runOnlyForDeploymentPostprocessing = 0;
		};
/* End PBXSourcesBuildPhase section */

/* Begin PBXVariantGroup section */
		A48096BF27D0BCDF00AAC376 /* Main.storyboard */ = {
			isa = PBXVariantGroup;
			children = (
				A48096C027D0BCDF00AAC376 /* Base */,
			);
			name = Main.storyboard;
			sourceTree = "<group>";
		};
		A48096C427D0BCE000AAC376 /* LaunchScreen.storyboard */ = {
			isa = PBXVariantGroup;
			children = (
				A48096C527D0BCE000AAC376 /* Base */,
			);
			name = LaunchScreen.storyboard;
			sourceTree = "<group>";
		};
/* End PBXVariantGroup section */

/* Begin XCBuildConfiguration section */
		A48096C827D0BCE000AAC376 /* Debug */ = {
			isa = XCBuildConfiguration;
			buildSettings = {
				ALWAYS_SEARCH_USER_PATHS = NO;
				CLANG_ANALYZER_NONNULL = YES;
				CLANG_ANALYZER_NUMBER_OBJECT_CONVERSION = YES_AGGRESSIVE;
				CLANG_CXX_LANGUAGE_STANDARD = "gnu++17";
				CLANG_CXX_LIBRARY = "libc++";
				CLANG_ENABLE_MODULES = YES;
				CLANG_ENABLE_OBJC_ARC = YES;
				CLANG_ENABLE_OBJC_WEAK = YES;
				CLANG_WARN_BLOCK_CAPTURE_AUTORELEASING = YES;
				CLANG_WARN_BOOL_CONVERSION = YES;
				CLANG_WARN_COMMA = YES;
				CLANG_WARN_CONSTANT_CONVERSION = YES;
				CLANG_WARN_DEPRECATED_OBJC_IMPLEMENTATIONS = YES;
				CLANG_WARN_DIRECT_OBJC_ISA_USAGE = YES_ERROR;
				CLANG_WARN_DOCUMENTATION_COMMENTS = YES;
				CLANG_WARN_EMPTY_BODY = YES;
				CLANG_WARN_ENUM_CONVERSION = YES;
				CLANG_WARN_INFINITE_RECURSION = YES;
				CLANG_WARN_INT_CONVERSION = YES;
				CLANG_WARN_NON_LITERAL_NULL_CONVERSION = YES;
				CLANG_WARN_OBJC_IMPLICIT_RETAIN_SELF = YES;
				CLANG_WARN_OBJC_LITERAL_CONVERSION = YES;
				CLANG_WARN_OBJC_ROOT_CLASS = YES_ERROR;
				CLANG_WARN_QUOTED_INCLUDE_IN_FRAMEWORK_HEADER = YES;
				CLANG_WARN_RANGE_LOOP_ANALYSIS = YES;
				CLANG_WARN_STRICT_PROTOTYPES = YES;
				CLANG_WARN_SUSPICIOUS_MOVE = YES;
				CLANG_WARN_UNGUARDED_AVAILABILITY = YES_AGGRESSIVE;
				CLANG_WARN_UNREACHABLE_CODE = YES;
				CLANG_WARN__DUPLICATE_METHOD_MATCH = YES;
				COPY_PHASE_STRIP = NO;
				DEBUG_INFORMATION_FORMAT = dwarf;
				ENABLE_STRICT_OBJC_MSGSEND = YES;
				ENABLE_TESTABILITY = YES;
				GCC_C_LANGUAGE_STANDARD = gnu11;
				GCC_DYNAMIC_NO_PIC = NO;
				GCC_NO_COMMON_BLOCKS = YES;
				GCC_OPTIMIZATION_LEVEL = 0;
				GCC_PREPROCESSOR_DEFINITIONS = (
					"DEBUG=1",
					"$(inherited)",
				);
				GCC_WARN_64_TO_32_BIT_CONVERSION = YES;
				GCC_WARN_ABOUT_RETURN_TYPE = YES_ERROR;
				GCC_WARN_UNDECLARED_SELECTOR = YES;
				GCC_WARN_UNINITIALIZED_AUTOS = YES_AGGRESSIVE;
				GCC_WARN_UNUSED_FUNCTION = YES;
				GCC_WARN_UNUSED_VARIABLE = YES;
				IPHONEOS_DEPLOYMENT_TARGET = 15.2;
				MTL_ENABLE_DEBUG_INFO = INCLUDE_SOURCE;
				MTL_FAST_MATH = YES;
				ONLY_ACTIVE_ARCH = YES;
				SDKROOT = iphoneos;
				SWIFT_ACTIVE_COMPILATION_CONDITIONS = DEBUG;
				SWIFT_OPTIMIZATION_LEVEL = "-Onone";
			};
			name = Debug;
		};
		A48096C927D0BCE000AAC376 /* Release */ = {
			isa = XCBuildConfiguration;
			buildSettings = {
				ALWAYS_SEARCH_USER_PATHS = NO;
				CLANG_ANALYZER_NONNULL = YES;
				CLANG_ANALYZER_NUMBER_OBJECT_CONVERSION = YES_AGGRESSIVE;
				CLANG_CXX_LANGUAGE_STANDARD = "gnu++17";
				CLANG_CXX_LIBRARY = "libc++";
				CLANG_ENABLE_MODULES = YES;
				CLANG_ENABLE_OBJC_ARC = YES;
				CLANG_ENABLE_OBJC_WEAK = YES;
				CLANG_WARN_BLOCK_CAPTURE_AUTORELEASING = YES;
				CLANG_WARN_BOOL_CONVERSION = YES;
				CLANG_WARN_COMMA = YES;
				CLANG_WARN_CONSTANT_CONVERSION = YES;
				CLANG_WARN_DEPRECATED_OBJC_IMPLEMENTATIONS = YES;
				CLANG_WARN_DIRECT_OBJC_ISA_USAGE = YES_ERROR;
				CLANG_WARN_DOCUMENTATION_COMMENTS = YES;
				CLANG_WARN_EMPTY_BODY = YES;
				CLANG_WARN_ENUM_CONVERSION = YES;
				CLANG_WARN_INFINITE_RECURSION = YES;
				CLANG_WARN_INT_CONVERSION = YES;
				CLANG_WARN_NON_LITERAL_NULL_CONVERSION = YES;
				CLANG_WARN_OBJC_IMPLICIT_RETAIN_SELF = YES;
				CLANG_WARN_OBJC_LITERAL_CONVERSION = YES;
				CLANG_WARN_OBJC_ROOT_CLASS = YES_ERROR;
				CLANG_WARN_QUOTED_INCLUDE_IN_FRAMEWORK_HEADER = YES;
				CLANG_WARN_RANGE_LOOP_ANALYSIS = YES;
				CLANG_WARN_STRICT_PROTOTYPES = YES;
				CLANG_WARN_SUSPICIOUS_MOVE = YES;
				CLANG_WARN_UNGUARDED_AVAILABILITY = YES_AGGRESSIVE;
				CLANG_WARN_UNREACHABLE_CODE = YES;
				CLANG_WARN__DUPLICATE_METHOD_MATCH = YES;
				COPY_PHASE_STRIP = NO;
				DEBUG_INFORMATION_FORMAT = "dwarf-with-dsym";
				ENABLE_NS_ASSERTIONS = NO;
				ENABLE_STRICT_OBJC_MSGSEND = YES;
				GCC_C_LANGUAGE_STANDARD = gnu11;
				GCC_NO_COMMON_BLOCKS = YES;
				GCC_WARN_64_TO_32_BIT_CONVERSION = YES;
				GCC_WARN_ABOUT_RETURN_TYPE = YES_ERROR;
				GCC_WARN_UNDECLARED_SELECTOR = YES;
				GCC_WARN_UNINITIALIZED_AUTOS = YES_AGGRESSIVE;
				GCC_WARN_UNUSED_FUNCTION = YES;
				GCC_WARN_UNUSED_VARIABLE = YES;
				IPHONEOS_DEPLOYMENT_TARGET = 15.2;
				MTL_ENABLE_DEBUG_INFO = NO;
				MTL_FAST_MATH = YES;
				SDKROOT = iphoneos;
				SWIFT_COMPILATION_MODE = wholemodule;
				SWIFT_OPTIMIZATION_LEVEL = "-O";
				VALIDATE_PRODUCT = YES;
			};
			name = Release;
		};
		A48096CB27D0BCE000AAC376 /* Debug */ = {
			isa = XCBuildConfiguration;
			baseConfigurationReference = AA8779A5A2CAF65B489D0586 /* Pods-NaverMapTest.debug.xcconfig */;
			buildSettings = {
				ASSETCATALOG_COMPILER_APPICON_NAME = AppIcon;
				ASSETCATALOG_COMPILER_GLOBAL_ACCENT_COLOR_NAME = AccentColor;
				CODE_SIGN_STYLE = Automatic;
				CURRENT_PROJECT_VERSION = 1;
				DEVELOPMENT_TEAM = 4MCJUQCSXW;
				GENERATE_INFOPLIST_FILE = YES;
				INFOPLIST_FILE = NaverMapTest/Info.plist;
				INFOPLIST_KEY_UIApplicationSupportsIndirectInputEvents = YES;
				INFOPLIST_KEY_UILaunchStoryboardName = LaunchScreen;
				INFOPLIST_KEY_UIMainStoryboardFile = Main;
				INFOPLIST_KEY_UISupportedInterfaceOrientations_iPad = "UIInterfaceOrientationPortrait UIInterfaceOrientationPortraitUpsideDown UIInterfaceOrientationLandscapeLeft UIInterfaceOrientationLandscapeRight";
				INFOPLIST_KEY_UISupportedInterfaceOrientations_iPhone = "UIInterfaceOrientationPortrait UIInterfaceOrientationLandscapeLeft UIInterfaceOrientationLandscapeRight";
				LD_RUNPATH_SEARCH_PATHS = (
					"$(inherited)",
					"@executable_path/Frameworks",
				);
				MARKETING_VERSION = 1.0;
				PRODUCT_BUNDLE_IDENTIFIER = com.wylie.ios.NaverMapTest;
				PRODUCT_NAME = "$(TARGET_NAME)";
				SWIFT_EMIT_LOC_STRINGS = YES;
				SWIFT_VERSION = 5.0;
				TARGETED_DEVICE_FAMILY = 1;
			};
			name = Debug;
		};
		A48096CC27D0BCE000AAC376 /* Release */ = {
			isa = XCBuildConfiguration;
			baseConfigurationReference = 8760C426B4682FBF2E0D513D /* Pods-NaverMapTest.release.xcconfig */;
			buildSettings = {
				ASSETCATALOG_COMPILER_APPICON_NAME = AppIcon;
				ASSETCATALOG_COMPILER_GLOBAL_ACCENT_COLOR_NAME = AccentColor;
				CODE_SIGN_STYLE = Automatic;
				CURRENT_PROJECT_VERSION = 1;
				DEVELOPMENT_TEAM = 4MCJUQCSXW;
				GENERATE_INFOPLIST_FILE = YES;
				INFOPLIST_FILE = NaverMapTest/Info.plist;
				INFOPLIST_KEY_UIApplicationSupportsIndirectInputEvents = YES;
				INFOPLIST_KEY_UILaunchStoryboardName = LaunchScreen;
				INFOPLIST_KEY_UIMainStoryboardFile = Main;
				INFOPLIST_KEY_UISupportedInterfaceOrientations_iPad = "UIInterfaceOrientationPortrait UIInterfaceOrientationPortraitUpsideDown UIInterfaceOrientationLandscapeLeft UIInterfaceOrientationLandscapeRight";
				INFOPLIST_KEY_UISupportedInterfaceOrientations_iPhone = "UIInterfaceOrientationPortrait UIInterfaceOrientationLandscapeLeft UIInterfaceOrientationLandscapeRight";
				LD_RUNPATH_SEARCH_PATHS = (
					"$(inherited)",
					"@executable_path/Frameworks",
				);
				MARKETING_VERSION = 1.0;
				PRODUCT_BUNDLE_IDENTIFIER = com.wylie.ios.NaverMapTest;
				PRODUCT_NAME = "$(TARGET_NAME)";
				SWIFT_EMIT_LOC_STRINGS = YES;
				SWIFT_VERSION = 5.0;
				TARGETED_DEVICE_FAMILY = 1;
			};
			name = Release;
		};
/* End XCBuildConfiguration section */

/* Begin XCConfigurationList section */
		A48096B127D0BCDF00AAC376 /* Build configuration list for PBXProject "NaverMapTest" */ = {
			isa = XCConfigurationList;
			buildConfigurations = (
				A48096C827D0BCE000AAC376 /* Debug */,
				A48096C927D0BCE000AAC376 /* Release */,
			);
			defaultConfigurationIsVisible = 0;
			defaultConfigurationName = Release;
		};
		A48096CA27D0BCE000AAC376 /* Build configuration list for PBXNativeTarget "NaverMapTest" */ = {
			isa = XCConfigurationList;
			buildConfigurations = (
				A48096CB27D0BCE000AAC376 /* Debug */,
				A48096CC27D0BCE000AAC376 /* Release */,
			);
			defaultConfigurationIsVisible = 0;
			defaultConfigurationName = Release;
		};
/* End XCConfigurationList section */
	};
	rootObject = A48096AE27D0BCDF00AAC376 /* Project object */;
}
